
Microsoft Visual Studio Solution File, Format Version 11.00
# Visual Studio 2010
Project("{8BC9CEB8-8B4A-11D0-8D11-00A0C91BC942}") = "Pilas", "Pilas\Pilas.vcxproj", "{D661D23C-59E2-4AAD-915F-0CCA3701F803}"
EndProject
Global
	GlobalSection(SolutionConfigurationPlatforms) = preSolution
		Debug|Win32 = Debug|Win32
		Release|Win32 = Release|Win32
	EndGlobalSection
	GlobalSection(ProjectConfigurationPlatforms) = postSolution
		{D661D23C-59E2-4AAD-915F-0CCA3701F803}.Debug|Win32.ActiveCfg = Debug|Win32
		{D661D23C-59E2-4AAD-915F-0CCA3701F803}.Debug|Win32.Build.0 = Debug|Win32
		{D661D23C-59E2-4AAD-915F-0CCA3701F803}.Release|Win32.ActiveCfg = Release|Win32
		{D661D23C-59E2-4AAD-915F-0CCA3701F803}.Release|Win32.Build.0 = Release|Win32
	EndGlobalSection
	GlobalSection(SolutionProperties) = preSolution
		HideSolutionNode = FALSE
	EndGlobalSection
EndGlobal
